// !$*UTF8*$!
{
	archiveVersion = 1;
	classes = {
	};
	objectVersion = 48;
	objects = {

/* Begin PBXBuildFile section */
		221286B9F8ABA5BE832B6040 /* Pods_TwitterPostsUITests.framework in Frameworks */ = {isa = PBXBuildFile; fileRef = 8497BA872552035FC8FCED04 /* Pods_TwitterPostsUITests.framework */; };
		44D512EE1C59B5DBEA9CE4FD /* Pods_TwitterPosts.framework in Frameworks */ = {isa = PBXBuildFile; fileRef = C2A8A09C03937F8CA76F2CC3 /* Pods_TwitterPosts.framework */; };
		9CC793DA200F05E100FA3435 /* TweetsFakeData.swift in Sources */ = {isa = PBXBuildFile; fileRef = 9CC793D9200F05E100FA3435 /* TweetsFakeData.swift */; };
		9CDCD162200F4BE7007F9136 /* ResponseSerializable.swift in Sources */ = {isa = PBXBuildFile; fileRef = 9CDCD161200F4BE7007F9136 /* ResponseSerializable.swift */; };
		9CDCD166200F4C10007F9136 /* TwitterAPIStore.swift in Sources */ = {isa = PBXBuildFile; fileRef = 9CDCD165200F4C10007F9136 /* TwitterAPIStore.swift */; };
		9CDCD168200F4C1E007F9136 /* Tweet.swift in Sources */ = {isa = PBXBuildFile; fileRef = 9CDCD167200F4C1E007F9136 /* Tweet.swift */; };
		9CDCD16A200F4C2D007F9136 /* User.swift in Sources */ = {isa = PBXBuildFile; fileRef = 9CDCD169200F4C2D007F9136 /* User.swift */; };
		9CDCD16D200F4C54007F9136 /* APIKeys.swift in Sources */ = {isa = PBXBuildFile; fileRef = 9CDCD16C200F4C54007F9136 /* APIKeys.swift */; };
		9CDCD16F200F4C96007F9136 /* URLs.swift in Sources */ = {isa = PBXBuildFile; fileRef = 9CDCD16E200F4C96007F9136 /* URLs.swift */; };
		9CDCD179200F4D55007F9136 /* TweetsTimelinePresenter.swift in Sources */ = {isa = PBXBuildFile; fileRef = 9CDCD173200F4D55007F9136 /* TweetsTimelinePresenter.swift */; };
		9CDCD17A200F4D55007F9136 /* TweetsTimelineRouter.swift in Sources */ = {isa = PBXBuildFile; fileRef = 9CDCD174200F4D55007F9136 /* TweetsTimelineRouter.swift */; };
		9CDCD17B200F4D55007F9136 /* TweetsTimelineModels.swift in Sources */ = {isa = PBXBuildFile; fileRef = 9CDCD175200F4D55007F9136 /* TweetsTimelineModels.swift */; };
		9CDCD17C200F4D55007F9136 /* TweetsTimelineViewController.swift in Sources */ = {isa = PBXBuildFile; fileRef = 9CDCD176200F4D55007F9136 /* TweetsTimelineViewController.swift */; };
		9CDCD17D200F4D55007F9136 /* TweetsTimelineInteractor.swift in Sources */ = {isa = PBXBuildFile; fileRef = 9CDCD177200F4D55007F9136 /* TweetsTimelineInteractor.swift */; };
		9CDCD17E200F4D55007F9136 /* TweetsTimelineConfigurator.swift in Sources */ = {isa = PBXBuildFile; fileRef = 9CDCD178200F4D55007F9136 /* TweetsTimelineConfigurator.swift */; };
		9CDCD182200F4DBC007F9136 /* TimelineTweet.xib in Resources */ = {isa = PBXBuildFile; fileRef = 9CDCD181200F4DBC007F9136 /* TimelineTweet.xib */; };
		9CDCD184200F4DDE007F9136 /* TimelineTweetCell.swift in Sources */ = {isa = PBXBuildFile; fileRef = 9CDCD183200F4DDE007F9136 /* TimelineTweetCell.swift */; };
		9CDCD187200F63AC007F9136 /* TableView+TweetsTimelineVC.swift in Sources */ = {isa = PBXBuildFile; fileRef = 9CDCD186200F63AC007F9136 /* TableView+TweetsTimelineVC.swift */; };
		9CDCD189200F709A007F9136 /* TweetMapper.swift in Sources */ = {isa = PBXBuildFile; fileRef = 9CDCD188200F709A007F9136 /* TweetMapper.swift */; };
		9CDCD18B200F7170007F9136 /* UserMapper.swift in Sources */ = {isa = PBXBuildFile; fileRef = 9CDCD18A200F7170007F9136 /* UserMapper.swift */; };
		9CDCD18D200F89DD007F9136 /* Persistence.swift in Sources */ = {isa = PBXBuildFile; fileRef = 9CDCD18C200F89DD007F9136 /* Persistence.swift */; };
		9CDCD195200F90A2007F9136 /* UserProfilePresenter.swift in Sources */ = {isa = PBXBuildFile; fileRef = 9CDCD18F200F90A2007F9136 /* UserProfilePresenter.swift */; };
		9CDCD196200F90A2007F9136 /* UserProfileRouter.swift in Sources */ = {isa = PBXBuildFile; fileRef = 9CDCD190200F90A2007F9136 /* UserProfileRouter.swift */; };
		9CDCD197200F90A2007F9136 /* UserProfileModels.swift in Sources */ = {isa = PBXBuildFile; fileRef = 9CDCD191200F90A2007F9136 /* UserProfileModels.swift */; };
		9CDCD198200F90A2007F9136 /* UserProfileViewController.swift in Sources */ = {isa = PBXBuildFile; fileRef = 9CDCD192200F90A2007F9136 /* UserProfileViewController.swift */; };
		9CDCD199200F90A2007F9136 /* UserProfileInteractor.swift in Sources */ = {isa = PBXBuildFile; fileRef = 9CDCD193200F90A2007F9136 /* UserProfileInteractor.swift */; };
		9CDCD19A200F90A2007F9136 /* UserProfileConfigurator.swift in Sources */ = {isa = PBXBuildFile; fileRef = 9CDCD194200F90A2007F9136 /* UserProfileConfigurator.swift */; };
		9CDCD19E200F919B007F9136 /* UserProfileCell.xib in Resources */ = {isa = PBXBuildFile; fileRef = 9CDCD19D200F919B007F9136 /* UserProfileCell.xib */; };
		9CDCD1A0200F91B0007F9136 /* UserProfileCell.swift in Sources */ = {isa = PBXBuildFile; fileRef = 9CDCD19F200F91B0007F9136 /* UserProfileCell.swift */; };
		9CDCD1A2200F9730007F9136 /* TableView+UserProfileVC.swift in Sources */ = {isa = PBXBuildFile; fileRef = 9CDCD1A1200F9730007F9136 /* TableView+UserProfileVC.swift */; };
		9CDCD1A9200FA54B007F9136 /* LoginPresenter.swift in Sources */ = {isa = PBXBuildFile; fileRef = 9CDCD1A3200FA54B007F9136 /* LoginPresenter.swift */; };
		9CDCD1AA200FA54B007F9136 /* LoginRouter.swift in Sources */ = {isa = PBXBuildFile; fileRef = 9CDCD1A4200FA54B007F9136 /* LoginRouter.swift */; };
		9CDCD1AB200FA54B007F9136 /* LoginModels.swift in Sources */ = {isa = PBXBuildFile; fileRef = 9CDCD1A5200FA54B007F9136 /* LoginModels.swift */; };
		9CDCD1AC200FA54B007F9136 /* LoginViewController.swift in Sources */ = {isa = PBXBuildFile; fileRef = 9CDCD1A6200FA54B007F9136 /* LoginViewController.swift */; };
		9CDCD1AD200FA54B007F9136 /* LoginInteractor.swift in Sources */ = {isa = PBXBuildFile; fileRef = 9CDCD1A7200FA54B007F9136 /* LoginInteractor.swift */; };
		9CDCD1AE200FA54B007F9136 /* LoginConfigurator.swift in Sources */ = {isa = PBXBuildFile; fileRef = 9CDCD1A8200FA54B007F9136 /* LoginConfigurator.swift */; };
		9CE4E2D5200F04E50059916D /* AppDelegate.swift in Sources */ = {isa = PBXBuildFile; fileRef = 9CE4E2D4200F04E50059916D /* AppDelegate.swift */; };
		9CE4E2D7200F04E50059916D /* ViewController.swift in Sources */ = {isa = PBXBuildFile; fileRef = 9CE4E2D6200F04E50059916D /* ViewController.swift */; };
		9CE4E2DA200F04E50059916D /* Main.storyboard in Resources */ = {isa = PBXBuildFile; fileRef = 9CE4E2D8200F04E50059916D /* Main.storyboard */; };
		9CE4E2DD200F04E50059916D /* TwitterPosts.xcdatamodeld in Sources */ = {isa = PBXBuildFile; fileRef = 9CE4E2DB200F04E50059916D /* TwitterPosts.xcdatamodeld */; };
		9CE4E2DF200F04E50059916D /* Assets.xcassets in Resources */ = {isa = PBXBuildFile; fileRef = 9CE4E2DE200F04E50059916D /* Assets.xcassets */; };
		9CE4E2E2200F04E50059916D /* LaunchScreen.storyboard in Resources */ = {isa = PBXBuildFile; fileRef = 9CE4E2E0200F04E50059916D /* LaunchScreen.storyboard */; };
		9CE4E2ED200F04E50059916D /* TwitterPostsTests.swift in Sources */ = {isa = PBXBuildFile; fileRef = 9CE4E2EC200F04E50059916D /* TwitterPostsTests.swift */; };
		9CE4E2F8200F04E50059916D /* TwitterPostsUITests.swift in Sources */ = {isa = PBXBuildFile; fileRef = 9CE4E2F7200F04E50059916D /* TwitterPostsUITests.swift */; };
		B661EA2B0C59A8668519CF68 /* Pods_TwitterPostsTests.framework in Frameworks */ = {isa = PBXBuildFile; fileRef = 7A44A800F33BA4726F451FFF /* Pods_TwitterPostsTests.framework */; };
/* End PBXBuildFile section */

/* Begin PBXContainerItemProxy section */
		9CE4E2E9200F04E50059916D /* PBXContainerItemProxy */ = {
			isa = PBXContainerItemProxy;
			containerPortal = 9CE4E2C9200F04E50059916D /* Project object */;
			proxyType = 1;
			remoteGlobalIDString = 9CE4E2D0200F04E50059916D;
			remoteInfo = TwitterPosts;
		};
		9CE4E2F4200F04E50059916D /* PBXContainerItemProxy */ = {
			isa = PBXContainerItemProxy;
			containerPortal = 9CE4E2C9200F04E50059916D /* Project object */;
			proxyType = 1;
			remoteGlobalIDString = 9CE4E2D0200F04E50059916D;
			remoteInfo = TwitterPosts;
		};
/* End PBXContainerItemProxy section */

/* Begin PBXFileReference section */
		147E03E6FEE91A10371924E0 /* Pods-TwitterPostsUITests.debug.xcconfig */ = {isa = PBXFileReference; includeInIndex = 1; lastKnownFileType = text.xcconfig; name = "Pods-TwitterPostsUITests.debug.xcconfig"; path = "Pods/Target Support Files/Pods-TwitterPostsUITests/Pods-TwitterPostsUITests.debug.xcconfig"; sourceTree = "<group>"; };
		1F9AE6A9F8759C04FBB2C33D /* Pods-TwitterPostsTests.debug.xcconfig */ = {isa = PBXFileReference; includeInIndex = 1; lastKnownFileType = text.xcconfig; name = "Pods-TwitterPostsTests.debug.xcconfig"; path = "Pods/Target Support Files/Pods-TwitterPostsTests/Pods-TwitterPostsTests.debug.xcconfig"; sourceTree = "<group>"; };
		4890D1583906F30F9A81536A /* Pods-TwitterPosts.debug.xcconfig */ = {isa = PBXFileReference; includeInIndex = 1; lastKnownFileType = text.xcconfig; name = "Pods-TwitterPosts.debug.xcconfig"; path = "Pods/Target Support Files/Pods-TwitterPosts/Pods-TwitterPosts.debug.xcconfig"; sourceTree = "<group>"; };
		78B4E6A793F4717CFE739B94 /* Pods-TwitterPosts.release.xcconfig */ = {isa = PBXFileReference; includeInIndex = 1; lastKnownFileType = text.xcconfig; name = "Pods-TwitterPosts.release.xcconfig"; path = "Pods/Target Support Files/Pods-TwitterPosts/Pods-TwitterPosts.release.xcconfig"; sourceTree = "<group>"; };
		7A44A800F33BA4726F451FFF /* Pods_TwitterPostsTests.framework */ = {isa = PBXFileReference; explicitFileType = wrapper.framework; includeInIndex = 0; path = Pods_TwitterPostsTests.framework; sourceTree = BUILT_PRODUCTS_DIR; };
		8497BA872552035FC8FCED04 /* Pods_TwitterPostsUITests.framework */ = {isa = PBXFileReference; explicitFileType = wrapper.framework; includeInIndex = 0; path = Pods_TwitterPostsUITests.framework; sourceTree = BUILT_PRODUCTS_DIR; };
		8D8CB22780D06C1274FF8605 /* Pods-TwitterPostsTests.release.xcconfig */ = {isa = PBXFileReference; includeInIndex = 1; lastKnownFileType = text.xcconfig; name = "Pods-TwitterPostsTests.release.xcconfig"; path = "Pods/Target Support Files/Pods-TwitterPostsTests/Pods-TwitterPostsTests.release.xcconfig"; sourceTree = "<group>"; };
		9CC793D9200F05E100FA3435 /* TweetsFakeData.swift */ = {isa = PBXFileReference; lastKnownFileType = sourcecode.swift; path = TweetsFakeData.swift; sourceTree = "<group>"; };
		9CDCD161200F4BE7007F9136 /* ResponseSerializable.swift */ = {isa = PBXFileReference; lastKnownFileType = sourcecode.swift; path = ResponseSerializable.swift; sourceTree = "<group>"; };
		9CDCD165200F4C10007F9136 /* TwitterAPIStore.swift */ = {isa = PBXFileReference; lastKnownFileType = sourcecode.swift; path = TwitterAPIStore.swift; sourceTree = "<group>"; };
		9CDCD167200F4C1E007F9136 /* Tweet.swift */ = {isa = PBXFileReference; lastKnownFileType = sourcecode.swift; path = Tweet.swift; sourceTree = "<group>"; };
		9CDCD169200F4C2D007F9136 /* User.swift */ = {isa = PBXFileReference; lastKnownFileType = sourcecode.swift; path = User.swift; sourceTree = "<group>"; };
		9CDCD16C200F4C54007F9136 /* APIKeys.swift */ = {isa = PBXFileReference; lastKnownFileType = sourcecode.swift; path = APIKeys.swift; sourceTree = "<group>"; };
		9CDCD16E200F4C96007F9136 /* URLs.swift */ = {isa = PBXFileReference; lastKnownFileType = sourcecode.swift; path = URLs.swift; sourceTree = "<group>"; };
		9CDCD173200F4D55007F9136 /* TweetsTimelinePresenter.swift */ = {isa = PBXFileReference; lastKnownFileType = sourcecode.swift; path = TweetsTimelinePresenter.swift; sourceTree = "<group>"; };
		9CDCD174200F4D55007F9136 /* TweetsTimelineRouter.swift */ = {isa = PBXFileReference; lastKnownFileType = sourcecode.swift; path = TweetsTimelineRouter.swift; sourceTree = "<group>"; };
		9CDCD175200F4D55007F9136 /* TweetsTimelineModels.swift */ = {isa = PBXFileReference; lastKnownFileType = sourcecode.swift; path = TweetsTimelineModels.swift; sourceTree = "<group>"; };
		9CDCD176200F4D55007F9136 /* TweetsTimelineViewController.swift */ = {isa = PBXFileReference; lastKnownFileType = sourcecode.swift; path = TweetsTimelineViewController.swift; sourceTree = "<group>"; };
		9CDCD177200F4D55007F9136 /* TweetsTimelineInteractor.swift */ = {isa = PBXFileReference; lastKnownFileType = sourcecode.swift; path = TweetsTimelineInteractor.swift; sourceTree = "<group>"; };
		9CDCD178200F4D55007F9136 /* TweetsTimelineConfigurator.swift */ = {isa = PBXFileReference; lastKnownFileType = sourcecode.swift; path = TweetsTimelineConfigurator.swift; sourceTree = "<group>"; };
		9CDCD181200F4DBC007F9136 /* TimelineTweet.xib */ = {isa = PBXFileReference; lastKnownFileType = file.xib; path = TimelineTweet.xib; sourceTree = "<group>"; };
		9CDCD183200F4DDE007F9136 /* TimelineTweetCell.swift */ = {isa = PBXFileReference; lastKnownFileType = sourcecode.swift; path = TimelineTweetCell.swift; sourceTree = "<group>"; };
		9CDCD186200F63AC007F9136 /* TableView+TweetsTimelineVC.swift */ = {isa = PBXFileReference; lastKnownFileType = sourcecode.swift; path = "TableView+TweetsTimelineVC.swift"; sourceTree = "<group>"; };
		9CDCD188200F709A007F9136 /* TweetMapper.swift */ = {isa = PBXFileReference; lastKnownFileType = sourcecode.swift; path = TweetMapper.swift; sourceTree = "<group>"; };
		9CDCD18A200F7170007F9136 /* UserMapper.swift */ = {isa = PBXFileReference; lastKnownFileType = sourcecode.swift; path = UserMapper.swift; sourceTree = "<group>"; };
		9CDCD18C200F89DD007F9136 /* Persistence.swift */ = {isa = PBXFileReference; lastKnownFileType = sourcecode.swift; path = Persistence.swift; sourceTree = "<group>"; };
		9CDCD18F200F90A2007F9136 /* UserProfilePresenter.swift */ = {isa = PBXFileReference; lastKnownFileType = sourcecode.swift; path = UserProfilePresenter.swift; sourceTree = "<group>"; };
		9CDCD190200F90A2007F9136 /* UserProfileRouter.swift */ = {isa = PBXFileReference; lastKnownFileType = sourcecode.swift; path = UserProfileRouter.swift; sourceTree = "<group>"; };
		9CDCD191200F90A2007F9136 /* UserProfileModels.swift */ = {isa = PBXFileReference; lastKnownFileType = sourcecode.swift; path = UserProfileModels.swift; sourceTree = "<group>"; };
		9CDCD192200F90A2007F9136 /* UserProfileViewController.swift */ = {isa = PBXFileReference; lastKnownFileType = sourcecode.swift; path = UserProfileViewController.swift; sourceTree = "<group>"; };
		9CDCD193200F90A2007F9136 /* UserProfileInteractor.swift */ = {isa = PBXFileReference; lastKnownFileType = sourcecode.swift; path = UserProfileInteractor.swift; sourceTree = "<group>"; };
		9CDCD194200F90A2007F9136 /* UserProfileConfigurator.swift */ = {isa = PBXFileReference; lastKnownFileType = sourcecode.swift; path = UserProfileConfigurator.swift; sourceTree = "<group>"; };
		9CDCD19D200F919B007F9136 /* UserProfileCell.xib */ = {isa = PBXFileReference; lastKnownFileType = file.xib; path = UserProfileCell.xib; sourceTree = "<group>"; };
		9CDCD19F200F91B0007F9136 /* UserProfileCell.swift */ = {isa = PBXFileReference; lastKnownFileType = sourcecode.swift; path = UserProfileCell.swift; sourceTree = "<group>"; };
		9CDCD1A1200F9730007F9136 /* TableView+UserProfileVC.swift */ = {isa = PBXFileReference; lastKnownFileType = sourcecode.swift; path = "TableView+UserProfileVC.swift"; sourceTree = "<group>"; };
		9CDCD1A3200FA54B007F9136 /* LoginPresenter.swift */ = {isa = PBXFileReference; lastKnownFileType = sourcecode.swift; path = LoginPresenter.swift; sourceTree = "<group>"; };
		9CDCD1A4200FA54B007F9136 /* LoginRouter.swift */ = {isa = PBXFileReference; lastKnownFileType = sourcecode.swift; path = LoginRouter.swift; sourceTree = "<group>"; };
		9CDCD1A5200FA54B007F9136 /* LoginModels.swift */ = {isa = PBXFileReference; lastKnownFileType = sourcecode.swift; path = LoginModels.swift; sourceTree = "<group>"; };
		9CDCD1A6200FA54B007F9136 /* LoginViewController.swift */ = {isa = PBXFileReference; lastKnownFileType = sourcecode.swift; path = LoginViewController.swift; sourceTree = "<group>"; };
		9CDCD1A7200FA54B007F9136 /* LoginInteractor.swift */ = {isa = PBXFileReference; lastKnownFileType = sourcecode.swift; path = LoginInteractor.swift; sourceTree = "<group>"; };
		9CDCD1A8200FA54B007F9136 /* LoginConfigurator.swift */ = {isa = PBXFileReference; lastKnownFileType = sourcecode.swift; path = LoginConfigurator.swift; sourceTree = "<group>"; };
		9CE4E2D1200F04E50059916D /* TwitterPosts.app */ = {isa = PBXFileReference; explicitFileType = wrapper.application; includeInIndex = 0; path = TwitterPosts.app; sourceTree = BUILT_PRODUCTS_DIR; };
		9CE4E2D4200F04E50059916D /* AppDelegate.swift */ = {isa = PBXFileReference; lastKnownFileType = sourcecode.swift; path = AppDelegate.swift; sourceTree = "<group>"; };
		9CE4E2D6200F04E50059916D /* ViewController.swift */ = {isa = PBXFileReference; lastKnownFileType = sourcecode.swift; path = ViewController.swift; sourceTree = "<group>"; };
		9CE4E2D9200F04E50059916D /* Base */ = {isa = PBXFileReference; lastKnownFileType = file.storyboard; name = Base; path = Base.lproj/Main.storyboard; sourceTree = "<group>"; };
		9CE4E2DC200F04E50059916D /* TwitterPosts.xcdatamodel */ = {isa = PBXFileReference; lastKnownFileType = wrapper.xcdatamodel; path = TwitterPosts.xcdatamodel; sourceTree = "<group>"; };
		9CE4E2DE200F04E50059916D /* Assets.xcassets */ = {isa = PBXFileReference; lastKnownFileType = folder.assetcatalog; path = Assets.xcassets; sourceTree = "<group>"; };
		9CE4E2E1200F04E50059916D /* Base */ = {isa = PBXFileReference; lastKnownFileType = file.storyboard; name = Base; path = Base.lproj/LaunchScreen.storyboard; sourceTree = "<group>"; };
		9CE4E2E3200F04E50059916D /* Info.plist */ = {isa = PBXFileReference; lastKnownFileType = text.plist.xml; path = Info.plist; sourceTree = "<group>"; };
		9CE4E2E8200F04E50059916D /* TwitterPostsTests.xctest */ = {isa = PBXFileReference; explicitFileType = wrapper.cfbundle; includeInIndex = 0; path = TwitterPostsTests.xctest; sourceTree = BUILT_PRODUCTS_DIR; };
		9CE4E2EC200F04E50059916D /* TwitterPostsTests.swift */ = {isa = PBXFileReference; lastKnownFileType = sourcecode.swift; path = TwitterPostsTests.swift; sourceTree = "<group>"; };
		9CE4E2EE200F04E50059916D /* Info.plist */ = {isa = PBXFileReference; lastKnownFileType = text.plist.xml; path = Info.plist; sourceTree = "<group>"; };
		9CE4E2F3200F04E50059916D /* TwitterPostsUITests.xctest */ = {isa = PBXFileReference; explicitFileType = wrapper.cfbundle; includeInIndex = 0; path = TwitterPostsUITests.xctest; sourceTree = BUILT_PRODUCTS_DIR; };
		9CE4E2F7200F04E50059916D /* TwitterPostsUITests.swift */ = {isa = PBXFileReference; lastKnownFileType = sourcecode.swift; path = TwitterPostsUITests.swift; sourceTree = "<group>"; };
		9CE4E2F9200F04E50059916D /* Info.plist */ = {isa = PBXFileReference; lastKnownFileType = text.plist.xml; path = Info.plist; sourceTree = "<group>"; };
		C2A8A09C03937F8CA76F2CC3 /* Pods_TwitterPosts.framework */ = {isa = PBXFileReference; explicitFileType = wrapper.framework; includeInIndex = 0; path = Pods_TwitterPosts.framework; sourceTree = BUILT_PRODUCTS_DIR; };
		FFA2D6C7847C23139BE61133 /* Pods-TwitterPostsUITests.release.xcconfig */ = {isa = PBXFileReference; includeInIndex = 1; lastKnownFileType = text.xcconfig; name = "Pods-TwitterPostsUITests.release.xcconfig"; path = "Pods/Target Support Files/Pods-TwitterPostsUITests/Pods-TwitterPostsUITests.release.xcconfig"; sourceTree = "<group>"; };
/* End PBXFileReference section */

/* Begin PBXFrameworksBuildPhase section */
		9CE4E2CE200F04E50059916D /* Frameworks */ = {
			isa = PBXFrameworksBuildPhase;
			buildActionMask = 2147483647;
			files = (
				44D512EE1C59B5DBEA9CE4FD /* Pods_TwitterPosts.framework in Frameworks */,
			);
			runOnlyForDeploymentPostprocessing = 0;
		};
		9CE4E2E5200F04E50059916D /* Frameworks */ = {
			isa = PBXFrameworksBuildPhase;
			buildActionMask = 2147483647;
			files = (
				B661EA2B0C59A8668519CF68 /* Pods_TwitterPostsTests.framework in Frameworks */,
			);
			runOnlyForDeploymentPostprocessing = 0;
		};
		9CE4E2F0200F04E50059916D /* Frameworks */ = {
			isa = PBXFrameworksBuildPhase;
			buildActionMask = 2147483647;
			files = (
				221286B9F8ABA5BE832B6040 /* Pods_TwitterPostsUITests.framework in Frameworks */,
			);
			runOnlyForDeploymentPostprocessing = 0;
		};
/* End PBXFrameworksBuildPhase section */

/* Begin PBXGroup section */
		1C75E5B28A9ED20B5CC2761F /* Pods */ = {
			isa = PBXGroup;
			children = (
				4890D1583906F30F9A81536A /* Pods-TwitterPosts.debug.xcconfig */,
				78B4E6A793F4717CFE739B94 /* Pods-TwitterPosts.release.xcconfig */,
				1F9AE6A9F8759C04FBB2C33D /* Pods-TwitterPostsTests.debug.xcconfig */,
				8D8CB22780D06C1274FF8605 /* Pods-TwitterPostsTests.release.xcconfig */,
				147E03E6FEE91A10371924E0 /* Pods-TwitterPostsUITests.debug.xcconfig */,
				FFA2D6C7847C23139BE61133 /* Pods-TwitterPostsUITests.release.xcconfig */,
			);
			name = Pods;
			sourceTree = "<group>";
		};
		9CC793D8200F05C400FA3435 /* FakeData */ = {
			isa = PBXGroup;
			children = (
				9CC793D9200F05E100FA3435 /* TweetsFakeData.swift */,
			);
			path = FakeData;
			sourceTree = "<group>";
		};
		9CDCD15A200F4B3C007F9136 /* Scenes */ = {
			isa = PBXGroup;
			children = (
				9CDCD18E200F9089007F9136 /* UserProfile */,
				9CDCD172200F4D31007F9136 /* FavouriteTweets */,
				9CDCD171200F4D2A007F9136 /* TweetsTimeline */,
				9CDCD170200F4D24007F9136 /* Login */,
			);
			path = Scenes;
			sourceTree = "<group>";
		};
		9CDCD15B200F4B42007F9136 /* Models */ = {
			isa = PBXGroup;
			children = (
				9CDCD167200F4C1E007F9136 /* Tweet.swift */,
				9CDCD169200F4C2D007F9136 /* User.swift */,
			);
			path = Models;
			sourceTree = "<group>";
		};
		9CDCD15D200F4B55007F9136 /* Services */ = {
			isa = PBXGroup;
			children = (
				9CDCD15E200F4B5B007F9136 /* Mappers */,
				9CDCD163200F4BF6007F9136 /* Stores */,
			);
			path = Services;
			sourceTree = "<group>";
		};
		9CDCD15E200F4B5B007F9136 /* Mappers */ = {
			isa = PBXGroup;
			children = (
				9CDCD160200F4B6E007F9136 /* Common */,
				9CDCD188200F709A007F9136 /* TweetMapper.swift */,
				9CDCD18A200F7170007F9136 /* UserMapper.swift */,
			);
			path = Mappers;
			sourceTree = "<group>";
		};
		9CDCD160200F4B6E007F9136 /* Common */ = {
			isa = PBXGroup;
			children = (
				9CDCD161200F4BE7007F9136 /* ResponseSerializable.swift */,
			);
			path = Common;
			sourceTree = "<group>";
		};
		9CDCD163200F4BF6007F9136 /* Stores */ = {
			isa = PBXGroup;
			children = (
				9CDCD164200F4BFD007F9136 /* API */,
				9CDCD18C200F89DD007F9136 /* Persistence.swift */,
			);
			path = Stores;
			sourceTree = "<group>";
		};
		9CDCD164200F4BFD007F9136 /* API */ = {
			isa = PBXGroup;
			children = (
				9CDCD165200F4C10007F9136 /* TwitterAPIStore.swift */,
			);
			path = API;
			sourceTree = "<group>";
		};
		9CDCD16B200F4C44007F9136 /* Constants */ = {
			isa = PBXGroup;
			children = (
				9CDCD16C200F4C54007F9136 /* APIKeys.swift */,
				9CDCD16E200F4C96007F9136 /* URLs.swift */,
			);
			path = Constants;
			sourceTree = "<group>";
		};
		9CDCD170200F4D24007F9136 /* Login */ = {
			isa = PBXGroup;
			children = (
				9CDCD1A3200FA54B007F9136 /* LoginPresenter.swift */,
				9CDCD1A4200FA54B007F9136 /* LoginRouter.swift */,
				9CDCD1A5200FA54B007F9136 /* LoginModels.swift */,
				9CDCD1A6200FA54B007F9136 /* LoginViewController.swift */,
				9CDCD1A7200FA54B007F9136 /* LoginInteractor.swift */,
				9CDCD1A8200FA54B007F9136 /* LoginConfigurator.swift */,
			);
			path = Login;
			sourceTree = "<group>";
		};
		9CDCD171200F4D2A007F9136 /* TweetsTimeline */ = {
			isa = PBXGroup;
			children = (
				9CDCD180200F4D6A007F9136 /* UI */,
				9CDCD185200F636E007F9136 /* Extensions */,
				9CDCD173200F4D55007F9136 /* TweetsTimelinePresenter.swift */,
				9CDCD174200F4D55007F9136 /* TweetsTimelineRouter.swift */,
				9CDCD175200F4D55007F9136 /* TweetsTimelineModels.swift */,
				9CDCD176200F4D55007F9136 /* TweetsTimelineViewController.swift */,
				9CDCD177200F4D55007F9136 /* TweetsTimelineInteractor.swift */,
				9CDCD178200F4D55007F9136 /* TweetsTimelineConfigurator.swift */,
			);
			path = TweetsTimeline;
			sourceTree = "<group>";
		};
		9CDCD172200F4D31007F9136 /* FavouriteTweets */ = {
			isa = PBXGroup;
			children = (
			);
			path = FavouriteTweets;
			sourceTree = "<group>";
		};
		9CDCD180200F4D6A007F9136 /* UI */ = {
			isa = PBXGroup;
			children = (
				9CDCD181200F4DBC007F9136 /* TimelineTweet.xib */,
				9CDCD183200F4DDE007F9136 /* TimelineTweetCell.swift */,
			);
			path = UI;
			sourceTree = "<group>";
		};
		9CDCD185200F636E007F9136 /* Extensions */ = {
			isa = PBXGroup;
			children = (
				9CDCD186200F63AC007F9136 /* TableView+TweetsTimelineVC.swift */,
			);
			path = Extensions;
			sourceTree = "<group>";
		};
		9CDCD18E200F9089007F9136 /* UserProfile */ = {
			isa = PBXGroup;
			children = (
				9CDCD19B200F917A007F9136 /* UI */,
				9CDCD19C200F9182007F9136 /* Extensions */,
				9CDCD18F200F90A2007F9136 /* UserProfilePresenter.swift */,
				9CDCD190200F90A2007F9136 /* UserProfileRouter.swift */,
				9CDCD191200F90A2007F9136 /* UserProfileModels.swift */,
				9CDCD192200F90A2007F9136 /* UserProfileViewController.swift */,
				9CDCD193200F90A2007F9136 /* UserProfileInteractor.swift */,
				9CDCD194200F90A2007F9136 /* UserProfileConfigurator.swift */,
			);
			path = UserProfile;
			sourceTree = "<group>";
		};
		9CDCD19B200F917A007F9136 /* UI */ = {
			isa = PBXGroup;
			children = (
				9CDCD19D200F919B007F9136 /* UserProfileCell.xib */,
				9CDCD19F200F91B0007F9136 /* UserProfileCell.swift */,
			);
			path = UI;
			sourceTree = "<group>";
		};
		9CDCD19C200F9182007F9136 /* Extensions */ = {
			isa = PBXGroup;
			children = (
				9CDCD1A1200F9730007F9136 /* TableView+UserProfileVC.swift */,
			);
			path = Extensions;
			sourceTree = "<group>";
		};
		9CE4E2C8200F04E50059916D = {
			isa = PBXGroup;
			children = (
				9CE4E2D3200F04E50059916D /* TwitterPosts */,
				9CE4E2EB200F04E50059916D /* TwitterPostsTests */,
				9CE4E2F6200F04E50059916D /* TwitterPostsUITests */,
				9CE4E2D2200F04E50059916D /* Products */,
				1C75E5B28A9ED20B5CC2761F /* Pods */,
				EFAC204E0A21C994A3FDBCCD /* Frameworks */,
			);
			sourceTree = "<group>";
		};
		9CE4E2D2200F04E50059916D /* Products */ = {
			isa = PBXGroup;
			children = (
				9CE4E2D1200F04E50059916D /* TwitterPosts.app */,
				9CE4E2E8200F04E50059916D /* TwitterPostsTests.xctest */,
				9CE4E2F3200F04E50059916D /* TwitterPostsUITests.xctest */,
			);
			name = Products;
			sourceTree = "<group>";
		};
		9CE4E2D3200F04E50059916D /* TwitterPosts */ = {
			isa = PBXGroup;
			children = (
				9CE4E2D4200F04E50059916D /* AppDelegate.swift */,
				9CDCD15D200F4B55007F9136 /* Services */,
				9CDCD15B200F4B42007F9136 /* Models */,
				9CDCD15A200F4B3C007F9136 /* Scenes */,
				9CC793D8200F05C400FA3435 /* FakeData */,
				9CDCD16B200F4C44007F9136 /* Constants */,
				9CE4E2D6200F04E50059916D /* ViewController.swift */,
				9CE4E2D8200F04E50059916D /* Main.storyboard */,
				9CE4E2DE200F04E50059916D /* Assets.xcassets */,
				9CE4E2E0200F04E50059916D /* LaunchScreen.storyboard */,
				9CE4E2E3200F04E50059916D /* Info.plist */,
				9CE4E2DB200F04E50059916D /* TwitterPosts.xcdatamodeld */,
			);
			path = TwitterPosts;
			sourceTree = "<group>";
		};
		9CE4E2EB200F04E50059916D /* TwitterPostsTests */ = {
			isa = PBXGroup;
			children = (
				9CE4E2EC200F04E50059916D /* TwitterPostsTests.swift */,
				9CE4E2EE200F04E50059916D /* Info.plist */,
			);
			path = TwitterPostsTests;
			sourceTree = "<group>";
		};
		9CE4E2F6200F04E50059916D /* TwitterPostsUITests */ = {
			isa = PBXGroup;
			children = (
				9CE4E2F7200F04E50059916D /* TwitterPostsUITests.swift */,
				9CE4E2F9200F04E50059916D /* Info.plist */,
			);
			path = TwitterPostsUITests;
			sourceTree = "<group>";
		};
		EFAC204E0A21C994A3FDBCCD /* Frameworks */ = {
			isa = PBXGroup;
			children = (
				C2A8A09C03937F8CA76F2CC3 /* Pods_TwitterPosts.framework */,
				7A44A800F33BA4726F451FFF /* Pods_TwitterPostsTests.framework */,
				8497BA872552035FC8FCED04 /* Pods_TwitterPostsUITests.framework */,
			);
			name = Frameworks;
			sourceTree = "<group>";
		};
/* End PBXGroup section */

/* Begin PBXNativeTarget section */
		9CE4E2D0200F04E50059916D /* TwitterPosts */ = {
			isa = PBXNativeTarget;
			buildConfigurationList = 9CE4E2FC200F04E50059916D /* Build configuration list for PBXNativeTarget "TwitterPosts" */;
			buildPhases = (
				D23AD665BB883BA135ACC236 /* [CP] Check Pods Manifest.lock */,
				9CE4E2CD200F04E50059916D /* Sources */,
				9CE4E2CE200F04E50059916D /* Frameworks */,
				9CE4E2CF200F04E50059916D /* Resources */,
				137DCA55C486B535A945238A /* [CP] Embed Pods Frameworks */,
				C86E66D06994864D8ED17E04 /* [CP] Copy Pods Resources */,
			);
			buildRules = (
			);
			dependencies = (
			);
			name = TwitterPosts;
			productName = TwitterPosts;
			productReference = 9CE4E2D1200F04E50059916D /* TwitterPosts.app */;
			productType = "com.apple.product-type.application";
		};
		9CE4E2E7200F04E50059916D /* TwitterPostsTests */ = {
			isa = PBXNativeTarget;
			buildConfigurationList = 9CE4E2FF200F04E50059916D /* Build configuration list for PBXNativeTarget "TwitterPostsTests" */;
			buildPhases = (
				EC4EDCFCD8C5C58C1D531C65 /* [CP] Check Pods Manifest.lock */,
				9CE4E2E4200F04E50059916D /* Sources */,
				9CE4E2E5200F04E50059916D /* Frameworks */,
				9CE4E2E6200F04E50059916D /* Resources */,
				401E0D6033E32A3C4887A17A /* [CP] Embed Pods Frameworks */,
				A24F51C2772D59A46A8B68D1 /* [CP] Copy Pods Resources */,
			);
			buildRules = (
			);
			dependencies = (
				9CE4E2EA200F04E50059916D /* PBXTargetDependency */,
			);
			name = TwitterPostsTests;
			productName = TwitterPostsTests;
			productReference = 9CE4E2E8200F04E50059916D /* TwitterPostsTests.xctest */;
			productType = "com.apple.product-type.bundle.unit-test";
		};
		9CE4E2F2200F04E50059916D /* TwitterPostsUITests */ = {
			isa = PBXNativeTarget;
			buildConfigurationList = 9CE4E302200F04E50059916D /* Build configuration list for PBXNativeTarget "TwitterPostsUITests" */;
			buildPhases = (
				82AE08264FBBC1D35352DF3A /* [CP] Check Pods Manifest.lock */,
				9CE4E2EF200F04E50059916D /* Sources */,
				9CE4E2F0200F04E50059916D /* Frameworks */,
				9CE4E2F1200F04E50059916D /* Resources */,
				BED68B632B6001ACFAA05FEC /* [CP] Embed Pods Frameworks */,
				DB385AC0475A18572B1B84E7 /* [CP] Copy Pods Resources */,
			);
			buildRules = (
			);
			dependencies = (
				9CE4E2F5200F04E50059916D /* PBXTargetDependency */,
			);
			name = TwitterPostsUITests;
			productName = TwitterPostsUITests;
			productReference = 9CE4E2F3200F04E50059916D /* TwitterPostsUITests.xctest */;
			productType = "com.apple.product-type.bundle.ui-testing";
		};
/* End PBXNativeTarget section */

/* Begin PBXProject section */
		9CE4E2C9200F04E50059916D /* Project object */ = {
			isa = PBXProject;
			attributes = {
				LastSwiftUpdateCheck = 0920;
				LastUpgradeCheck = 0920;
				ORGANIZATIONNAME = "Alex Cuello ortiz";
				TargetAttributes = {
					9CE4E2D0200F04E50059916D = {
						CreatedOnToolsVersion = 9.2;
						ProvisioningStyle = Automatic;
					};
					9CE4E2E7200F04E50059916D = {
						CreatedOnToolsVersion = 9.2;
						ProvisioningStyle = Automatic;
						TestTargetID = 9CE4E2D0200F04E50059916D;
					};
					9CE4E2F2200F04E50059916D = {
						CreatedOnToolsVersion = 9.2;
						ProvisioningStyle = Automatic;
						TestTargetID = 9CE4E2D0200F04E50059916D;
					};
				};
			};
			buildConfigurationList = 9CE4E2CC200F04E50059916D /* Build configuration list for PBXProject "TwitterPosts" */;
			compatibilityVersion = "Xcode 8.0";
			developmentRegion = en;
			hasScannedForEncodings = 0;
			knownRegions = (
				en,
				Base,
			);
			mainGroup = 9CE4E2C8200F04E50059916D;
			productRefGroup = 9CE4E2D2200F04E50059916D /* Products */;
			projectDirPath = "";
			projectRoot = "";
			targets = (
				9CE4E2D0200F04E50059916D /* TwitterPosts */,
				9CE4E2E7200F04E50059916D /* TwitterPostsTests */,
				9CE4E2F2200F04E50059916D /* TwitterPostsUITests */,
			);
		};
/* End PBXProject section */

/* Begin PBXResourcesBuildPhase section */
		9CE4E2CF200F04E50059916D /* Resources */ = {
			isa = PBXResourcesBuildPhase;
			buildActionMask = 2147483647;
			files = (
				9CE4E2E2200F04E50059916D /* LaunchScreen.storyboard in Resources */,
				9CE4E2DF200F04E50059916D /* Assets.xcassets in Resources */,
				9CDCD182200F4DBC007F9136 /* TimelineTweet.xib in Resources */,
				9CE4E2DA200F04E50059916D /* Main.storyboard in Resources */,
				9CDCD19E200F919B007F9136 /* UserProfileCell.xib in Resources */,
			);
			runOnlyForDeploymentPostprocessing = 0;
		};
		9CE4E2E6200F04E50059916D /* Resources */ = {
			isa = PBXResourcesBuildPhase;
			buildActionMask = 2147483647;
			files = (
			);
			runOnlyForDeploymentPostprocessing = 0;
		};
		9CE4E2F1200F04E50059916D /* Resources */ = {
			isa = PBXResourcesBuildPhase;
			buildActionMask = 2147483647;
			files = (
			);
			runOnlyForDeploymentPostprocessing = 0;
		};
/* End PBXResourcesBuildPhase section */

/* Begin PBXShellScriptBuildPhase section */
		137DCA55C486B535A945238A /* [CP] Embed Pods Frameworks */ = {
			isa = PBXShellScriptBuildPhase;
			buildActionMask = 2147483647;
			files = (
			);
			inputPaths = (
				"${SRCROOT}/Pods/Target Support Files/Pods-TwitterPosts/Pods-TwitterPosts-frameworks.sh",
				"${BUILT_PRODUCTS_DIR}/Alamofire/Alamofire.framework",
				"${BUILT_PRODUCTS_DIR}/Kingfisher/Kingfisher.framework",
				"${BUILT_PRODUCTS_DIR}/SwiftyJSON/SwiftyJSON.framework",
				"${PODS_ROOT}/TwitterCore/iOS/TwitterCore.framework",
				"${PODS_ROOT}/TwitterKit/iOS/TwitterKit.framework",
			);
			name = "[CP] Embed Pods Frameworks";
			outputPaths = (
				"${TARGET_BUILD_DIR}/${FRAMEWORKS_FOLDER_PATH}/Alamofire.framework",
				"${TARGET_BUILD_DIR}/${FRAMEWORKS_FOLDER_PATH}/Kingfisher.framework",
				"${TARGET_BUILD_DIR}/${FRAMEWORKS_FOLDER_PATH}/SwiftyJSON.framework",
				"${TARGET_BUILD_DIR}/${FRAMEWORKS_FOLDER_PATH}/TwitterCore.framework",
				"${TARGET_BUILD_DIR}/${FRAMEWORKS_FOLDER_PATH}/TwitterKit.framework",
			);
			runOnlyForDeploymentPostprocessing = 0;
			shellPath = /bin/sh;
			shellScript = "\"${SRCROOT}/Pods/Target Support Files/Pods-TwitterPosts/Pods-TwitterPosts-frameworks.sh\"\n";
			showEnvVarsInLog = 0;
		};
		401E0D6033E32A3C4887A17A /* [CP] Embed Pods Frameworks */ = {
			isa = PBXShellScriptBuildPhase;
			buildActionMask = 2147483647;
			files = (
			);
			inputPaths = (
			);
			name = "[CP] Embed Pods Frameworks";
			outputPaths = (
			);
			runOnlyForDeploymentPostprocessing = 0;
			shellPath = /bin/sh;
			shellScript = "\"${SRCROOT}/Pods/Target Support Files/Pods-TwitterPostsTests/Pods-TwitterPostsTests-frameworks.sh\"\n";
			showEnvVarsInLog = 0;
		};
		82AE08264FBBC1D35352DF3A /* [CP] Check Pods Manifest.lock */ = {
			isa = PBXShellScriptBuildPhase;
			buildActionMask = 2147483647;
			files = (
			);
			inputPaths = (
				"${PODS_PODFILE_DIR_PATH}/Podfile.lock",
				"${PODS_ROOT}/Manifest.lock",
			);
			name = "[CP] Check Pods Manifest.lock";
			outputPaths = (
				"$(DERIVED_FILE_DIR)/Pods-TwitterPostsUITests-checkManifestLockResult.txt",
			);
			runOnlyForDeploymentPostprocessing = 0;
			shellPath = /bin/sh;
			shellScript = "diff \"${PODS_PODFILE_DIR_PATH}/Podfile.lock\" \"${PODS_ROOT}/Manifest.lock\" > /dev/null\nif [ $? != 0 ] ; then\n    # print error to STDERR\n    echo \"error: The sandbox is not in sync with the Podfile.lock. Run 'pod install' or update your CocoaPods installation.\" >&2\n    exit 1\nfi\n# This output is used by Xcode 'outputs' to avoid re-running this script phase.\necho \"SUCCESS\" > \"${SCRIPT_OUTPUT_FILE_0}\"\n";
			showEnvVarsInLog = 0;
		};
		A24F51C2772D59A46A8B68D1 /* [CP] Copy Pods Resources */ = {
			isa = PBXShellScriptBuildPhase;
			buildActionMask = 2147483647;
			files = (
			);
			inputPaths = (
			);
			name = "[CP] Copy Pods Resources";
			outputPaths = (
			);
			runOnlyForDeploymentPostprocessing = 0;
			shellPath = /bin/sh;
			shellScript = "\"${SRCROOT}/Pods/Target Support Files/Pods-TwitterPostsTests/Pods-TwitterPostsTests-resources.sh\"\n";
			showEnvVarsInLog = 0;
		};
		BED68B632B6001ACFAA05FEC /* [CP] Embed Pods Frameworks */ = {
			isa = PBXShellScriptBuildPhase;
			buildActionMask = 2147483647;
			files = (
			);
			inputPaths = (
			);
			name = "[CP] Embed Pods Frameworks";
			outputPaths = (
			);
			runOnlyForDeploymentPostprocessing = 0;
			shellPath = /bin/sh;
			shellScript = "\"${SRCROOT}/Pods/Target Support Files/Pods-TwitterPostsUITests/Pods-TwitterPostsUITests-frameworks.sh\"\n";
			showEnvVarsInLog = 0;
		};
		C86E66D06994864D8ED17E04 /* [CP] Copy Pods Resources */ = {
			isa = PBXShellScriptBuildPhase;
			buildActionMask = 2147483647;
			files = (
			);
			inputPaths = (
				"${SRCROOT}/Pods/Target Support Files/Pods-TwitterPosts/Pods-TwitterPosts-resources.sh",
				"${PODS_ROOT}/TwitterKit/iOS/TwitterKit.framework/TwitterKitResources.bundle",
				"${PODS_ROOT}/TwitterKit/iOS/TwitterKit.framework/TwitterShareExtensionUIResources.bundle",
			);
			name = "[CP] Copy Pods Resources";
			outputPaths = (
				"${TARGET_BUILD_DIR}/${UNLOCALIZED_RESOURCES_FOLDER_PATH}",
			);
			runOnlyForDeploymentPostprocessing = 0;
			shellPath = /bin/sh;
			shellScript = "\"${SRCROOT}/Pods/Target Support Files/Pods-TwitterPosts/Pods-TwitterPosts-resources.sh\"\n";
			showEnvVarsInLog = 0;
		};
		D23AD665BB883BA135ACC236 /* [CP] Check Pods Manifest.lock */ = {
			isa = PBXShellScriptBuildPhase;
			buildActionMask = 2147483647;
			files = (
			);
			inputPaths = (
				"${PODS_PODFILE_DIR_PATH}/Podfile.lock",
				"${PODS_ROOT}/Manifest.lock",
			);
			name = "[CP] Check Pods Manifest.lock";
			outputPaths = (
				"$(DERIVED_FILE_DIR)/Pods-TwitterPosts-checkManifestLockResult.txt",
			);
			runOnlyForDeploymentPostprocessing = 0;
			shellPath = /bin/sh;
			shellScript = "diff \"${PODS_PODFILE_DIR_PATH}/Podfile.lock\" \"${PODS_ROOT}/Manifest.lock\" > /dev/null\nif [ $? != 0 ] ; then\n    # print error to STDERR\n    echo \"error: The sandbox is not in sync with the Podfile.lock. Run 'pod install' or update your CocoaPods installation.\" >&2\n    exit 1\nfi\n# This output is used by Xcode 'outputs' to avoid re-running this script phase.\necho \"SUCCESS\" > \"${SCRIPT_OUTPUT_FILE_0}\"\n";
			showEnvVarsInLog = 0;
		};
		DB385AC0475A18572B1B84E7 /* [CP] Copy Pods Resources */ = {
			isa = PBXShellScriptBuildPhase;
			buildActionMask = 2147483647;
			files = (
			);
			inputPaths = (
			);
			name = "[CP] Copy Pods Resources";
			outputPaths = (
			);
			runOnlyForDeploymentPostprocessing = 0;
			shellPath = /bin/sh;
			shellScript = "\"${SRCROOT}/Pods/Target Support Files/Pods-TwitterPostsUITests/Pods-TwitterPostsUITests-resources.sh\"\n";
			showEnvVarsInLog = 0;
		};
		EC4EDCFCD8C5C58C1D531C65 /* [CP] Check Pods Manifest.lock */ = {
			isa = PBXShellScriptBuildPhase;
			buildActionMask = 2147483647;
			files = (
			);
			inputPaths = (
				"${PODS_PODFILE_DIR_PATH}/Podfile.lock",
				"${PODS_ROOT}/Manifest.lock",
			);
			name = "[CP] Check Pods Manifest.lock";
			outputPaths = (
				"$(DERIVED_FILE_DIR)/Pods-TwitterPostsTests-checkManifestLockResult.txt",
			);
			runOnlyForDeploymentPostprocessing = 0;
			shellPath = /bin/sh;
			shellScript = "diff \"${PODS_PODFILE_DIR_PATH}/Podfile.lock\" \"${PODS_ROOT}/Manifest.lock\" > /dev/null\nif [ $? != 0 ] ; then\n    # print error to STDERR\n    echo \"error: The sandbox is not in sync with the Podfile.lock. Run 'pod install' or update your CocoaPods installation.\" >&2\n    exit 1\nfi\n# This output is used by Xcode 'outputs' to avoid re-running this script phase.\necho \"SUCCESS\" > \"${SCRIPT_OUTPUT_FILE_0}\"\n";
			showEnvVarsInLog = 0;
		};
/* End PBXShellScriptBuildPhase section */

/* Begin PBXSourcesBuildPhase section */
		9CE4E2CD200F04E50059916D /* Sources */ = {
			isa = PBXSourcesBuildPhase;
			buildActionMask = 2147483647;
			files = (
				9CDCD1AD200FA54B007F9136 /* LoginInteractor.swift in Sources */,
				9CC793DA200F05E100FA3435 /* TweetsFakeData.swift in Sources */,
				9CDCD19A200F90A2007F9136 /* UserProfileConfigurator.swift in Sources */,
				9CDCD198200F90A2007F9136 /* UserProfileViewController.swift in Sources */,
				9CDCD179200F4D55007F9136 /* TweetsTimelinePresenter.swift in Sources */,
				9CDCD17E200F4D55007F9136 /* TweetsTimelineConfigurator.swift in Sources */,
				9CDCD18D200F89DD007F9136 /* Persistence.swift in Sources */,
				9CDCD17D200F4D55007F9136 /* TweetsTimelineInteractor.swift in Sources */,
				9CE4E2DD200F04E50059916D /* TwitterPosts.xcdatamodeld in Sources */,
				9CDCD166200F4C10007F9136 /* TwitterAPIStore.swift in Sources */,
				9CDCD1AB200FA54B007F9136 /* LoginModels.swift in Sources */,
				9CDCD187200F63AC007F9136 /* TableView+TweetsTimelineVC.swift in Sources */,
				9CDCD199200F90A2007F9136 /* UserProfileInteractor.swift in Sources */,
				9CDCD16D200F4C54007F9136 /* APIKeys.swift in Sources */,
				9CDCD17C200F4D55007F9136 /* TweetsTimelineViewController.swift in Sources */,
				9CDCD17A200F4D55007F9136 /* TweetsTimelineRouter.swift in Sources */,
				9CDCD195200F90A2007F9136 /* UserProfilePresenter.swift in Sources */,
				9CDCD196200F90A2007F9136 /* UserProfileRouter.swift in Sources */,
				9CDCD1A0200F91B0007F9136 /* UserProfileCell.swift in Sources */,
				9CDCD168200F4C1E007F9136 /* Tweet.swift in Sources */,
				9CDCD18B200F7170007F9136 /* UserMapper.swift in Sources */,
				9CDCD16F200F4C96007F9136 /* URLs.swift in Sources */,
				9CDCD1AC200FA54B007F9136 /* LoginViewController.swift in Sources */,
				9CDCD16A200F4C2D007F9136 /* User.swift in Sources */,
				9CDCD184200F4DDE007F9136 /* TimelineTweetCell.swift in Sources */,
				9CE4E2D7200F04E50059916D /* ViewController.swift in Sources */,
				9CDCD1A2200F9730007F9136 /* TableView+UserProfileVC.swift in Sources */,
				9CDCD1AA200FA54B007F9136 /* LoginRouter.swift in Sources */,
				9CDCD1AE200FA54B007F9136 /* LoginConfigurator.swift in Sources */,
				9CDCD1A9200FA54B007F9136 /* LoginPresenter.swift in Sources */,
				9CDCD189200F709A007F9136 /* TweetMapper.swift in Sources */,
				9CE4E2D5200F04E50059916D /* AppDelegate.swift in Sources */,
				9CDCD17B200F4D55007F9136 /* TweetsTimelineModels.swift in Sources */,
				9CDCD197200F90A2007F9136 /* UserProfileModels.swift in Sources */,
				9CDCD162200F4BE7007F9136 /* ResponseSerializable.swift in Sources */,
			);
			runOnlyForDeploymentPostprocessing = 0;
		};
		9CE4E2E4200F04E50059916D /* Sources */ = {
			isa = PBXSourcesBuildPhase;
			buildActionMask = 2147483647;
			files = (
				9CE4E2ED200F04E50059916D /* TwitterPostsTests.swift in Sources */,
			);
			runOnlyForDeploymentPostprocessing = 0;
		};
		9CE4E2EF200F04E50059916D /* Sources */ = {
			isa = PBXSourcesBuildPhase;
			buildActionMask = 2147483647;
			files = (
				9CE4E2F8200F04E50059916D /* TwitterPostsUITests.swift in Sources */,
			);
			runOnlyForDeploymentPostprocessing = 0;
		};
/* End PBXSourcesBuildPhase section */

/* Begin PBXTargetDependency section */
		9CE4E2EA200F04E50059916D /* PBXTargetDependency */ = {
			isa = PBXTargetDependency;
			target = 9CE4E2D0200F04E50059916D /* TwitterPosts */;
			targetProxy = 9CE4E2E9200F04E50059916D /* PBXContainerItemProxy */;
		};
		9CE4E2F5200F04E50059916D /* PBXTargetDependency */ = {
			isa = PBXTargetDependency;
			target = 9CE4E2D0200F04E50059916D /* TwitterPosts */;
			targetProxy = 9CE4E2F4200F04E50059916D /* PBXContainerItemProxy */;
		};
/* End PBXTargetDependency section */

/* Begin PBXVariantGroup section */
		9CE4E2D8200F04E50059916D /* Main.storyboard */ = {
			isa = PBXVariantGroup;
			children = (
				9CE4E2D9200F04E50059916D /* Base */,
			);
			name = Main.storyboard;
			sourceTree = "<group>";
		};
		9CE4E2E0200F04E50059916D /* LaunchScreen.storyboard */ = {
			isa = PBXVariantGroup;
			children = (
				9CE4E2E1200F04E50059916D /* Base */,
			);
			name = LaunchScreen.storyboard;
			sourceTree = "<group>";
		};
/* End PBXVariantGroup section */

/* Begin XCBuildConfiguration section */
		9CE4E2FA200F04E50059916D /* Debug */ = {
			isa = XCBuildConfiguration;
			buildSettings = {
				ALWAYS_SEARCH_USER_PATHS = NO;
				CLANG_ANALYZER_NONNULL = YES;
				CLANG_ANALYZER_NUMBER_OBJECT_CONVERSION = YES_AGGRESSIVE;
				CLANG_CXX_LANGUAGE_STANDARD = "gnu++14";
				CLANG_CXX_LIBRARY = "libc++";
				CLANG_ENABLE_MODULES = YES;
				CLANG_ENABLE_OBJC_ARC = YES;
				CLANG_WARN_BLOCK_CAPTURE_AUTORELEASING = YES;
				CLANG_WARN_BOOL_CONVERSION = YES;
				CLANG_WARN_COMMA = YES;
				CLANG_WARN_CONSTANT_CONVERSION = YES;
				CLANG_WARN_DIRECT_OBJC_ISA_USAGE = YES_ERROR;
				CLANG_WARN_DOCUMENTATION_COMMENTS = YES;
				CLANG_WARN_EMPTY_BODY = YES;
				CLANG_WARN_ENUM_CONVERSION = YES;
				CLANG_WARN_INFINITE_RECURSION = YES;
				CLANG_WARN_INT_CONVERSION = YES;
				CLANG_WARN_NON_LITERAL_NULL_CONVERSION = YES;
				CLANG_WARN_OBJC_LITERAL_CONVERSION = YES;
				CLANG_WARN_OBJC_ROOT_CLASS = YES_ERROR;
				CLANG_WARN_RANGE_LOOP_ANALYSIS = YES;
				CLANG_WARN_STRICT_PROTOTYPES = YES;
				CLANG_WARN_SUSPICIOUS_MOVE = YES;
				CLANG_WARN_UNGUARDED_AVAILABILITY = YES_AGGRESSIVE;
				CLANG_WARN_UNREACHABLE_CODE = YES;
				CLANG_WARN__DUPLICATE_METHOD_MATCH = YES;
				CODE_SIGN_IDENTITY = "iPhone Developer";
				COPY_PHASE_STRIP = NO;
				DEBUG_INFORMATION_FORMAT = dwarf;
				ENABLE_STRICT_OBJC_MSGSEND = YES;
				ENABLE_TESTABILITY = YES;
				GCC_C_LANGUAGE_STANDARD = gnu11;
				GCC_DYNAMIC_NO_PIC = NO;
				GCC_NO_COMMON_BLOCKS = YES;
				GCC_OPTIMIZATION_LEVEL = 0;
				GCC_PREPROCESSOR_DEFINITIONS = (
					"DEBUG=1",
					"$(inherited)",
				);
				GCC_WARN_64_TO_32_BIT_CONVERSION = YES;
				GCC_WARN_ABOUT_RETURN_TYPE = YES_ERROR;
				GCC_WARN_UNDECLARED_SELECTOR = YES;
				GCC_WARN_UNINITIALIZED_AUTOS = YES_AGGRESSIVE;
				GCC_WARN_UNUSED_FUNCTION = YES;
				GCC_WARN_UNUSED_VARIABLE = YES;
				IPHONEOS_DEPLOYMENT_TARGET = 11.2;
				MTL_ENABLE_DEBUG_INFO = YES;
				ONLY_ACTIVE_ARCH = YES;
				SDKROOT = iphoneos;
				SWIFT_ACTIVE_COMPILATION_CONDITIONS = DEBUG;
				SWIFT_OPTIMIZATION_LEVEL = "-Onone";
			};
			name = Debug;
		};
		9CE4E2FB200F04E50059916D /* Release */ = {
			isa = XCBuildConfiguration;
			buildSettings = {
				ALWAYS_SEARCH_USER_PATHS = NO;
				CLANG_ANALYZER_NONNULL = YES;
				CLANG_ANALYZER_NUMBER_OBJECT_CONVERSION = YES_AGGRESSIVE;
				CLANG_CXX_LANGUAGE_STANDARD = "gnu++14";
				CLANG_CXX_LIBRARY = "libc++";
				CLANG_ENABLE_MODULES = YES;
				CLANG_ENABLE_OBJC_ARC = YES;
				CLANG_WARN_BLOCK_CAPTURE_AUTORELEASING = YES;
				CLANG_WARN_BOOL_CONVERSION = YES;
				CLANG_WARN_COMMA = YES;
				CLANG_WARN_CONSTANT_CONVERSION = YES;
				CLANG_WARN_DIRECT_OBJC_ISA_USAGE = YES_ERROR;
				CLANG_WARN_DOCUMENTATION_COMMENTS = YES;
				CLANG_WARN_EMPTY_BODY = YES;
				CLANG_WARN_ENUM_CONVERSION = YES;
				CLANG_WARN_INFINITE_RECURSION = YES;
				CLANG_WARN_INT_CONVERSION = YES;
				CLANG_WARN_NON_LITERAL_NULL_CONVERSION = YES;
				CLANG_WARN_OBJC_LITERAL_CONVERSION = YES;
				CLANG_WARN_OBJC_ROOT_CLASS = YES_ERROR;
				CLANG_WARN_RANGE_LOOP_ANALYSIS = YES;
				CLANG_WARN_STRICT_PROTOTYPES = YES;
				CLANG_WARN_SUSPICIOUS_MOVE = YES;
				CLANG_WARN_UNGUARDED_AVAILABILITY = YES_AGGRESSIVE;
				CLANG_WARN_UNREACHABLE_CODE = YES;
				CLANG_WARN__DUPLICATE_METHOD_MATCH = YES;
				CODE_SIGN_IDENTITY = "iPhone Developer";
				COPY_PHASE_STRIP = NO;
				DEBUG_INFORMATION_FORMAT = "dwarf-with-dsym";
				ENABLE_NS_ASSERTIONS = NO;
				ENABLE_STRICT_OBJC_MSGSEND = YES;
				GCC_C_LANGUAGE_STANDARD = gnu11;
				GCC_NO_COMMON_BLOCKS = YES;
				GCC_WARN_64_TO_32_BIT_CONVERSION = YES;
				GCC_WARN_ABOUT_RETURN_TYPE = YES_ERROR;
				GCC_WARN_UNDECLARED_SELECTOR = YES;
				GCC_WARN_UNINITIALIZED_AUTOS = YES_AGGRESSIVE;
				GCC_WARN_UNUSED_FUNCTION = YES;
				GCC_WARN_UNUSED_VARIABLE = YES;
				IPHONEOS_DEPLOYMENT_TARGET = 11.2;
				MTL_ENABLE_DEBUG_INFO = NO;
				SDKROOT = iphoneos;
				SWIFT_OPTIMIZATION_LEVEL = "-Owholemodule";
				VALIDATE_PRODUCT = YES;
			};
			name = Release;
		};
		9CE4E2FD200F04E50059916D /* Debug */ = {
			isa = XCBuildConfiguration;
			baseConfigurationReference = 4890D1583906F30F9A81536A /* Pods-TwitterPosts.debug.xcconfig */;
			buildSettings = {
				ASSETCATALOG_COMPILER_APPICON_NAME = AppIcon;
				CODE_SIGN_STYLE = Automatic;
				DEVELOPMENT_TEAM = NAG675D7L7;
				INFOPLIST_FILE = TwitterPosts/Info.plist;
				LD_RUNPATH_SEARCH_PATHS = "$(inherited) @executable_path/Frameworks";
				PRODUCT_BUNDLE_IDENTIFIER = com.Eironeia.TwitterPosts;
				PRODUCT_NAME = "$(TARGET_NAME)";
				SWIFT_VERSION = 4.0;
				TARGETED_DEVICE_FAMILY = "1,2";
			};
			name = Debug;
		};
		9CE4E2FE200F04E50059916D /* Release */ = {
			isa = XCBuildConfiguration;
			baseConfigurationReference = 78B4E6A793F4717CFE739B94 /* Pods-TwitterPosts.release.xcconfig */;
			buildSettings = {
				ASSETCATALOG_COMPILER_APPICON_NAME = AppIcon;
				CODE_SIGN_STYLE = Automatic;
				DEVELOPMENT_TEAM = NAG675D7L7;
				INFOPLIST_FILE = TwitterPosts/Info.plist;
				LD_RUNPATH_SEARCH_PATHS = "$(inherited) @executable_path/Frameworks";
				PRODUCT_BUNDLE_IDENTIFIER = com.Eironeia.TwitterPosts;
				PRODUCT_NAME = "$(TARGET_NAME)";
				SWIFT_VERSION = 4.0;
				TARGETED_DEVICE_FAMILY = "1,2";
			};
			name = Release;
		};
		9CE4E300200F04E50059916D /* Debug */ = {
			isa = XCBuildConfiguration;
			baseConfigurationReference = 1F9AE6A9F8759C04FBB2C33D /* Pods-TwitterPostsTests.debug.xcconfig */;
			buildSettings = {
				ALWAYS_EMBED_SWIFT_STANDARD_LIBRARIES = YES;
				BUNDLE_LOADER = "$(TEST_HOST)";
				CODE_SIGN_STYLE = Automatic;
				DEVELOPMENT_TEAM = NAG675D7L7;
				INFOPLIST_FILE = TwitterPostsTests/Info.plist;
				LD_RUNPATH_SEARCH_PATHS = "$(inherited) @executable_path/Frameworks @loader_path/Frameworks";
				PRODUCT_BUNDLE_IDENTIFIER = com.Eironeia.TwitterPostsTests;
				PRODUCT_NAME = "$(TARGET_NAME)";
				SWIFT_VERSION = 4.0;
				TARGETED_DEVICE_FAMILY = "1,2";
				TEST_HOST = "$(BUILT_PRODUCTS_DIR)/TwitterPosts.app/TwitterPosts";
			};
			name = Debug;
		};
		9CE4E301200F04E50059916D /* Release */ = {
			isa = XCBuildConfiguration;
			baseConfigurationReference = 8D8CB22780D06C1274FF8605 /* Pods-TwitterPostsTests.release.xcconfig */;
			buildSettings = {
				ALWAYS_EMBED_SWIFT_STANDARD_LIBRARIES = YES;
				BUNDLE_LOADER = "$(TEST_HOST)";
				CODE_SIGN_STYLE = Automatic;
				DEVELOPMENT_TEAM = NAG675D7L7;
				INFOPLIST_FILE = TwitterPostsTests/Info.plist;
				LD_RUNPATH_SEARCH_PATHS = "$(inherited) @executable_path/Frameworks @loader_path/Frameworks";
				PRODUCT_BUNDLE_IDENTIFIER = com.Eironeia.TwitterPostsTests;
				PRODUCT_NAME = "$(TARGET_NAME)";
				SWIFT_VERSION = 4.0;
				TARGETED_DEVICE_FAMILY = "1,2";
				TEST_HOST = "$(BUILT_PRODUCTS_DIR)/TwitterPosts.app/TwitterPosts";
			};
			name = Release;
		};
		9CE4E303200F04E50059916D /* Debug */ = {
			isa = XCBuildConfiguration;
			baseConfigurationReference = 147E03E6FEE91A10371924E0 /* Pods-TwitterPostsUITests.debug.xcconfig */;
			buildSettings = {
				ALWAYS_EMBED_SWIFT_STANDARD_LIBRARIES = YES;
				CODE_SIGN_STYLE = Automatic;
				DEVELOPMENT_TEAM = NAG675D7L7;
				INFOPLIST_FILE = TwitterPostsUITests/Info.plist;
				LD_RUNPATH_SEARCH_PATHS = "$(inherited) @executable_path/Frameworks @loader_path/Frameworks";
				PRODUCT_BUNDLE_IDENTIFIER = com.Eironeia.TwitterPostsUITests;
				PRODUCT_NAME = "$(TARGET_NAME)";
				SWIFT_VERSION = 4.0;
				TARGETED_DEVICE_FAMILY = "1,2";
				TEST_TARGET_NAME = TwitterPosts;
			};
			name = Debug;
		};
		9CE4E304200F04E50059916D /* Release */ = {
			isa = XCBuildConfiguration;
			baseConfigurationReference = FFA2D6C7847C23139BE61133 /* Pods-TwitterPostsUITests.release.xcconfig */;
			buildSettings = {
				ALWAYS_EMBED_SWIFT_STANDARD_LIBRARIES = YES;
				CODE_SIGN_STYLE = Automatic;
				DEVELOPMENT_TEAM = NAG675D7L7;
				INFOPLIST_FILE = TwitterPostsUITests/Info.plist;
				LD_RUNPATH_SEARCH_PATHS = "$(inherited) @executable_path/Frameworks @loader_path/Frameworks";
				PRODUCT_BUNDLE_IDENTIFIER = com.Eironeia.TwitterPostsUITests;
				PRODUCT_NAME = "$(TARGET_NAME)";
				SWIFT_VERSION = 4.0;
				TARGETED_DEVICE_FAMILY = "1,2";
				TEST_TARGET_NAME = TwitterPosts;
			};
			name = Release;
		};
/* End XCBuildConfiguration section */

/* Begin XCConfigurationList section */
		9CE4E2CC200F04E50059916D /* Build configuration list for PBXProject "TwitterPosts" */ = {
			isa = XCConfigurationList;
			buildConfigurations = (
				9CE4E2FA200F04E50059916D /* Debug */,
				9CE4E2FB200F04E50059916D /* Release */,
			);
			defaultConfigurationIsVisible = 0;
			defaultConfigurationName = Release;
		};
		9CE4E2FC200F04E50059916D /* Build configuration list for PBXNativeTarget "TwitterPosts" */ = {
			isa = XCConfigurationList;
			buildConfigurations = (
				9CE4E2FD200F04E50059916D /* Debug */,
				9CE4E2FE200F04E50059916D /* Release */,
			);
			defaultConfigurationIsVisible = 0;
			defaultConfigurationName = Release;
		};
		9CE4E2FF200F04E50059916D /* Build configuration list for PBXNativeTarget "TwitterPostsTests" */ = {
			isa = XCConfigurationList;
			buildConfigurations = (
				9CE4E300200F04E50059916D /* Debug */,
				9CE4E301200F04E50059916D /* Release */,
			);
			defaultConfigurationIsVisible = 0;
			defaultConfigurationName = Release;
		};
		9CE4E302200F04E50059916D /* Build configuration list for PBXNativeTarget "TwitterPostsUITests" */ = {
			isa = XCConfigurationList;
			buildConfigurations = (
				9CE4E303200F04E50059916D /* Debug */,
				9CE4E304200F04E50059916D /* Release */,
			);
			defaultConfigurationIsVisible = 0;
			defaultConfigurationName = Release;
		};
/* End XCConfigurationList section */

/* Begin XCVersionGroup section */
		9CE4E2DB200F04E50059916D /* TwitterPosts.xcdatamodeld */ = {
			isa = XCVersionGroup;
			children = (
				9CE4E2DC200F04E50059916D /* TwitterPosts.xcdatamodel */,
			);
			currentVersion = 9CE4E2DC200F04E50059916D /* TwitterPosts.xcdatamodel */;
			path = TwitterPosts.xcdatamodeld;
			sourceTree = "<group>";
			versionGroupType = wrapper.xcdatamodel;
		};
/* End XCVersionGroup section */
	};
	rootObject = 9CE4E2C9200F04E50059916D /* Project object */;
}
